
Microsoft Visual Studio Solution File, Format Version 12.00
# Visual Studio Version 16
VisualStudioVersion = 16.0.33027.164
MinimumVisualStudioVersion = 10.0.40219.1
Project("{8BC9CEB8-8B4A-11D0-8D11-00A0C91BC942}") = "intoFile", "intoFile\intoFile.vcxproj", "{C3FCDE0D-65F0-4111-AE1D-BA5E07F64C99}"
EndProject
Global
	GlobalSection(SolutionConfigurationPlatforms) = preSolution
		Debug|x64 = Debug|x64
		Debug|x86 = Debug|x86
		Release|x64 = Release|x64
		Release|x86 = Release|x86
	EndGlobalSection
	GlobalSection(ProjectConfigurationPlatforms) = postSolution
		{C3FCDE0D-65F0-4111-AE1D-BA5E07F64C99}.Debug|x64.ActiveCfg = Debug|x64
		{C3FCDE0D-65F0-4111-AE1D-BA5E07F64C99}.Debug|x64.Build.0 = Debug|x64
		{C3FCDE0D-65F0-4111-AE1D-BA5E07F64C99}.Debug|x86.ActiveCfg = Debug|Win32
		{C3FCDE0D-65F0-4111-AE1D-BA5E07F64C99}.Debug|x86.Build.0 = Debug|Win32
		{C3FCDE0D-65F0-4111-AE1D-BA5E07F64C99}.Release|x64.ActiveCfg = Release|x64
		{C3FCDE0D-65F0-4111-AE1D-BA5E07F64C99}.Release|x64.Build.0 = Release|x64
		{C3FCDE0D-65F0-4111-AE1D-BA5E07F64C99}.Release|x86.ActiveCfg = Release|Win32
		{C3FCDE0D-65F0-4111-AE1D-BA5E07F64C99}.Release|x86.Build.0 = Release|Win32
	EndGlobalSection
	GlobalSection(SolutionProperties) = preSolution
		HideSolutionNode = FALSE
	EndGlobalSection
	GlobalSection(ExtensibilityGlobals) = postSolution
		SolutionGuid = {BD87535C-5682-4283-B19E-159A1B7F2762}
	EndGlobalSection
EndGlobal
